
Microsoft Visual Studio Solution File, Format Version 12.00
# Visual Studio Version 16
VisualStudioVersion = 16.0.31105.61
MinimumVisualStudioVersion = 10.0.40219.1
Project("{FAE04EC0-301F-11D3-BF4B-00C04F79EFBC}") = "Atividade3", "Atividade3\Atividade3.csproj", "{D9E46A84-8BEC-4418-90BF-4070DE50FB74}"
EndProject
Global
	GlobalSection(SolutionConfigurationPlatforms) = preSolution
		Debug|Any CPU = Debug|Any CPU
		Release|Any CPU = Release|Any CPU
	EndGlobalSection
	GlobalSection(ProjectConfigurationPlatforms) = postSolution
		{D9E46A84-8BEC-4418-90BF-4070DE50FB74}.Debug|Any CPU.ActiveCfg = Debug|Any CPU
		{D9E46A84-8BEC-4418-90BF-4070DE50FB74}.Debug|Any CPU.Build.0 = Debug|Any CPU
		{D9E46A84-8BEC-4418-90BF-4070DE50FB74}.Release|Any CPU.ActiveCfg = Release|Any CPU
		{D9E46A84-8BEC-4418-90BF-4070DE50FB74}.Release|Any CPU.Build.0 = Release|Any CPU
	EndGlobalSection
	GlobalSection(SolutionProperties) = preSolution
		HideSolutionNode = FALSE
	EndGlobalSection
	GlobalSection(ExtensibilityGlobals) = postSolution
		SolutionGuid = {B76855D6-5280-406C-A50D-AEF9B81BFCD0}
	EndGlobalSection
EndGlobal
